
Microsoft Visual Studio Solution File, Format Version 11.00
# Visual Studio 2010
Project("{FAE04EC0-301F-11D3-BF4B-00C04F79EFBC}") = "Unity.Timeline", "Unity.Timeline.csproj", "{49503c61-f0d9-cad4-94a1-bae0cae18ee1}"
EndProject
Project("{FAE04EC0-301F-11D3-BF4B-00C04F79EFBC}") = "Unity.2D.Aseprite.Editor", "Unity.2D.Aseprite.Editor.csproj", "{9539672f-3b38-1cd2-7345-848db62b10e5}"
EndProject
Project("{FAE04EC0-301F-11D3-BF4B-00C04F79EFBC}") = "Unity.VisualScripting.Flow", "Unity.VisualScripting.Flow.csproj", "{cdad21c3-9c7b-884f-1df8-63913e844a67}"
EndProject
Project("{FAE04EC0-301F-11D3-BF4B-00C04F79EFBC}") = "UnityEditor.UI", "UnityEditor.UI.csproj", "{96f45b4d-c42a-714b-690a-8643633ae85a}"
EndProject
Project("{FAE04EC0-301F-11D3-BF4B-00C04F79EFBC}") = "Unity.Timeline.Editor", "Unity.Timeline.Editor.csproj", "{b82324da-6e74-c68c-579f-03bb8fda17fa}"
EndProject
Project("{FAE04EC0-301F-11D3-BF4B-00C04F79EFBC}") = "Unity.PlasticSCM.Editor", "Unity.PlasticSCM.Editor.csproj", "{cc3b8ad4-3f67-8f45-c32c-3ccaee66c615}"
EndProject
Project("{FAE04EC0-301F-11D3-BF4B-00C04F79EFBC}") = "SingularityGroup.HotReload.Runtime", "SingularityGroup.HotReload.Runtime.csproj", "{ebbd7b32-6f97-7287-410a-fc1844a36db8}"
EndProject
Project("{FAE04EC0-301F-11D3-BF4B-00C04F79EFBC}") = "Unity.Mathematics", "Unity.Mathematics.csproj", "{fd58f114-00a7-9c24-ade5-662cc37f83ae}"
EndProject
Project("{FAE04EC0-301F-11D3-BF4B-00C04F79EFBC}") = "Unity.2D.Common.Path.Editor", "Unity.2D.Common.Path.Editor.csproj", "{abd2c38c-0c9c-14f5-83ad-36dd8a0a5f30}"
EndProject
Project("{FAE04EC0-301F-11D3-BF4B-00C04F79EFBC}") = "Unity.2D.Psdimporter.Editor", "Unity.2D.Psdimporter.Editor.csproj", "{b6342a47-808d-3c19-1b02-b306e3ad044d}"
EndProject
Project("{FAE04EC0-301F-11D3-BF4B-00C04F79EFBC}") = "Unity.2D.IK.Runtime", "Unity.2D.IK.Runtime.csproj", "{18bf756b-f640-6da7-9a08-9be379b5bd13}"
EndProject
Project("{FAE04EC0-301F-11D3-BF4B-00C04F79EFBC}") = "Unity.VisualScripting.Core.Editor", "Unity.VisualScripting.Core.Editor.csproj", "{774e6c18-8bc0-a393-0c96-8f5a34562006}"
EndProject
Project("{FAE04EC0-301F-11D3-BF4B-00C04F79EFBC}") = "UnityEditor.TestRunner", "UnityEditor.TestRunner.csproj", "{5c123b49-4530-6698-c0a9-c030cadbc1c8}"
EndProject
Project("{FAE04EC0-301F-11D3-BF4B-00C04F79EFBC}") = "Unity.TextMeshPro.Editor", "Unity.TextMeshPro.Editor.csproj", "{053f729e-1c32-a3ab-3ad5-0c8f2fd63b62}"
EndProject
Project("{FAE04EC0-301F-11D3-BF4B-00C04F79EFBC}") = "UnityEngine.TestRunner", "UnityEngine.TestRunner.csproj", "{7fc55354-5b08-26b8-c864-6ba006ccac42}"
EndProject
Project("{FAE04EC0-301F-11D3-BF4B-00C04F79EFBC}") = "Unity.VisualScripting.Core", "Unity.VisualScripting.Core.csproj", "{ea587814-54c8-c78b-b7fa-fa654ed3d6c6}"
EndProject
Project("{FAE04EC0-301F-11D3-BF4B-00C04F79EFBC}") = "Unity.VisualScripting.Flow.Editor", "Unity.VisualScripting.Flow.Editor.csproj", "{5410cbae-5a6c-2210-7a57-9efcad6d2d4c}"
EndProject
Project("{FAE04EC0-301F-11D3-BF4B-00C04F79EFBC}") = "Unity.2D.Tilemap.Editor", "Unity.2D.Tilemap.Editor.csproj", "{bcc30b0c-9fe5-f8a9-9e31-622a538d9fbb}"
EndProject
Project("{FAE04EC0-301F-11D3-BF4B-00C04F79EFBC}") = "Unity.Burst", "Unity.Burst.csproj", "{e694ff51-57a6-9d65-f4a4-f3319ee76d16}"
EndProject
Project("{FAE04EC0-301F-11D3-BF4B-00C04F79EFBC}") = "PsdPlugin", "PsdPlugin.csproj", "{62f5ddb1-ac30-f428-d1b6-126f19e07393}"
EndProject
Project("{FAE04EC0-301F-11D3-BF4B-00C04F79EFBC}") = "Unity.Collections", "Unity.Collections.csproj", "{b6467781-99a3-9143-afdc-967291d08633}"
EndProject
Project("{FAE04EC0-301F-11D3-BF4B-00C04F79EFBC}") = "Unity.2D.Animation.Editor", "Unity.2D.Animation.Editor.csproj", "{7aa4e16c-3fa8-8d2d-35bc-8b9a3e4bf554}"
EndProject
Project("{FAE04EC0-301F-11D3-BF4B-00C04F79EFBC}") = "Unity.2D.SpriteShape.Editor", "Unity.2D.SpriteShape.Editor.csproj", "{8a910146-cb72-2802-33e6-600298389dd5}"
EndProject
Project("{FAE04EC0-301F-11D3-BF4B-00C04F79EFBC}") = "Unity.VisualStudio.Editor", "Unity.VisualStudio.Editor.csproj", "{c5735828-30ea-cadd-b944-0fe945963a93}"
EndProject
Project("{FAE04EC0-301F-11D3-BF4B-00C04F79EFBC}") = "SingularityGroup.HotReload.Editor", "SingularityGroup.HotReload.Editor.csproj", "{2a68511a-53fe-2c2a-f806-41d1ef873755}"
EndProject
Project("{FAE04EC0-301F-11D3-BF4B-00C04F79EFBC}") = "Unity.Rider.Editor", "Unity.Rider.Editor.csproj", "{844b0dd1-eec0-5247-186a-0a342dc84a16}"
EndProject
Project("{FAE04EC0-301F-11D3-BF4B-00C04F79EFBC}") = "Unity.InternalAPIEditorBridge.001", "Unity.InternalAPIEditorBridge.001.csproj", "{81372078-7abd-2633-990c-5e65a4a85377}"
EndProject
Project("{FAE04EC0-301F-11D3-BF4B-00C04F79EFBC}") = "Unity.2D.SpriteShape.Runtime", "Unity.2D.SpriteShape.Runtime.csproj", "{4a143bd6-18b9-344e-8290-dd831985db3a}"
EndProject
Project("{FAE04EC0-301F-11D3-BF4B-00C04F79EFBC}") = "Unity.VisualScripting.State.Editor", "Unity.VisualScripting.State.Editor.csproj", "{eb097b40-de5a-4452-46eb-08bf660f22e2}"
EndProject
Project("{FAE04EC0-301F-11D3-BF4B-00C04F79EFBC}") = "UnityEngine.UI", "UnityEngine.UI.csproj", "{0b01c402-9bd8-1bcc-112e-dd2c3ee28d36}"
EndProject
Project("{FAE04EC0-301F-11D3-BF4B-00C04F79EFBC}") = "ScriptablePacker", "ScriptablePacker.csproj", "{1a50cba2-f270-f6d6-17b4-7a32c845f29a}"
EndProject
Project("{FAE04EC0-301F-11D3-BF4B-00C04F79EFBC}") = "Unity.Burst.CodeGen", "Unity.Burst.CodeGen.csproj", "{98a1ac54-5c5a-07aa-39ed-5ca8760888ae}"
EndProject
Project("{FAE04EC0-301F-11D3-BF4B-00C04F79EFBC}") = "Unity.VisualScripting.State", "Unity.VisualScripting.State.csproj", "{ce02972e-1063-e28b-2d92-30a9cee3610c}"
EndProject
Project("{FAE04EC0-301F-11D3-BF4B-00C04F79EFBC}") = "Unity.TextMeshPro", "Unity.TextMeshPro.csproj", "{9a627073-9ae7-7a64-05fd-b7d192751097}"
EndProject
Project("{FAE04EC0-301F-11D3-BF4B-00C04F79EFBC}") = "Unity.2D.Tilemap.Extras.Editor", "Unity.2D.Tilemap.Extras.Editor.csproj", "{2434c4a2-64d7-0bc8-71c1-910abc479c87}"
EndProject
Project("{FAE04EC0-301F-11D3-BF4B-00C04F79EFBC}") = "Wooshii.HierarchyDecorator.Editor", "Wooshii.HierarchyDecorator.Editor.csproj", "{82b0ed77-5471-af24-72c5-ca0b94cc9579}"
EndProject
Project("{FAE04EC0-301F-11D3-BF4B-00C04F79EFBC}") = "Unity.2D.Animation.Runtime", "Unity.2D.Animation.Runtime.csproj", "{a69fc0b6-15b7-d99f-6d13-736fc702b6ef}"
EndProject
Project("{FAE04EC0-301F-11D3-BF4B-00C04F79EFBC}") = "Assembly-CSharp-Editor", "Assembly-CSharp-Editor.csproj", "{910354f2-fa9d-00c3-07db-88077f9cb77f}"
EndProject
Project("{FAE04EC0-301F-11D3-BF4B-00C04F79EFBC}") = "Unity.VisualScripting.SettingsProvider.Editor", "Unity.VisualScripting.SettingsProvider.Editor.csproj", "{ce9accf0-2b97-709f-d4c7-498c627e81fa}"
EndProject
Project("{FAE04EC0-301F-11D3-BF4B-00C04F79EFBC}") = "Unity.2D.IK.Editor", "Unity.2D.IK.Editor.csproj", "{dc58761e-a0ff-c2f4-083f-d32b9e81c713}"
EndProject
Project("{FAE04EC0-301F-11D3-BF4B-00C04F79EFBC}") = "Unity.InternalAPIEngineBridge.001", "Unity.InternalAPIEngineBridge.001.csproj", "{f13f0ab6-fad0-7744-fc6f-4d2f90ac2959}"
EndProject
Project("{FAE04EC0-301F-11D3-BF4B-00C04F79EFBC}") = "Unity.2D.Aseprite.Common", "Unity.2D.Aseprite.Common.csproj", "{f6c7d2f0-e535-d30d-dd33-b6343a55b14d}"
EndProject
Project("{FAE04EC0-301F-11D3-BF4B-00C04F79EFBC}") = "Unity.Burst.Editor", "Unity.Burst.Editor.csproj", "{e71d0923-5afa-0ca5-dbd9-20b075c13153}"
EndProject
Project("{FAE04EC0-301F-11D3-BF4B-00C04F79EFBC}") = "Unity.2D.Common.Editor", "Unity.2D.Common.Editor.csproj", "{98f790c4-4081-d2dd-58f0-48eb4eb1a014}"
EndProject
Project("{FAE04EC0-301F-11D3-BF4B-00C04F79EFBC}") = "Unity.2D.PixelPerfect", "Unity.2D.PixelPerfect.csproj", "{ef0bc513-51ed-8a8c-c0c7-941199bf6051}"
EndProject
Project("{FAE04EC0-301F-11D3-BF4B-00C04F79EFBC}") = "Assembly-CSharp", "Assembly-CSharp.csproj", "{7984a775-b463-2fd6-9d0b-d936a198f766}"
EndProject
Project("{FAE04EC0-301F-11D3-BF4B-00C04F79EFBC}") = "Unity.2D.PixelPerfect.Editor", "Unity.2D.PixelPerfect.Editor.csproj", "{eb7ca8c8-13c8-bdef-18a2-92767108f62b}"
EndProject
Project("{FAE04EC0-301F-11D3-BF4B-00C04F79EFBC}") = "Unity.2D.Sprite.Editor", "Unity.2D.Sprite.Editor.csproj", "{7c70fe4a-fcfb-6167-11c9-d3b0dcc5ed3a}"
EndProject
Project("{FAE04EC0-301F-11D3-BF4B-00C04F79EFBC}") = "Unity.2D.Common.Runtime", "Unity.2D.Common.Runtime.csproj", "{e32872ad-fb19-a236-a90a-d7970f3b035c}"
EndProject
Project("{FAE04EC0-301F-11D3-BF4B-00C04F79EFBC}") = "Unity.Mathematics.Editor", "Unity.Mathematics.Editor.csproj", "{ffbcceb6-4f9b-d4a2-c98a-75d5f7c9e08b}"
EndProject
Project("{FAE04EC0-301F-11D3-BF4B-00C04F79EFBC}") = "Unity.2D.Tilemap.Extras", "Unity.2D.Tilemap.Extras.csproj", "{f91832f1-2672-1d34-9180-b3c248f4b107}"
EndProject
Project("{FAE04EC0-301F-11D3-BF4B-00C04F79EFBC}") = "SingularityGroup.HotReload.Runtime.Public", "SingularityGroup.HotReload.Runtime.Public.csproj", "{a7589254-7035-ecbc-8459-273ddb57a806}"
EndProject
Project("{FAE04EC0-301F-11D3-BF4B-00C04F79EFBC}") = "Wooshii.HierarchyDecorator", "Wooshii.HierarchyDecorator.csproj", "{ddfbb057-dce1-a386-4c41-81c7f89a8abd}"
EndProject
Project("{FAE04EC0-301F-11D3-BF4B-00C04F79EFBC}") = "Unity.InternalAPIEditorBridge.005", "Unity.InternalAPIEditorBridge.005.csproj", "{a49a2208-63b9-ef0b-00f3-32fb91a29c34}"
EndProject
Project("{FAE04EC0-301F-11D3-BF4B-00C04F79EFBC}") = "Unity.VisualScripting.Shared.Editor", "Unity.VisualScripting.Shared.Editor.csproj", "{d8f67145-4e32-e7ec-57cf-05b2d2a2e443}"
EndProject
Project("{FAE04EC0-301F-11D3-BF4B-00C04F79EFBC}") = "Unity.Collections.DocCodeSamples", "Unity.Collections.DocCodeSamples.csproj", "{164702ca-3d0f-884d-71ad-d21bb9ae7c67}"
EndProject
Project("{FAE04EC0-301F-11D3-BF4B-00C04F79EFBC}") = "Unity.Collections.BurstCompatibilityGen", "Unity.Collections.BurstCompatibilityGen.csproj", "{4505c53e-a25c-26d1-1662-478de74c8a82}"
EndProject
Project("{FAE04EC0-301F-11D3-BF4B-00C04F79EFBC}") = "Unity.CollabProxy.Editor", "Unity.CollabProxy.Editor.csproj", "{9352d251-6742-1fc7-d19b-7a4c3728744c}"
EndProject
Project("{FAE04EC0-301F-11D3-BF4B-00C04F79EFBC}") = "UnityEngine.UI.Tests", "UnityEngine.UI.Tests.csproj", "{a9cb6cdb-b2f9-b3bc-d73e-8062c1fc70da}"
EndProject
Project("{FAE04EC0-301F-11D3-BF4B-00C04F79EFBC}") = "Unity.Burst.Tests.UnitTests", "Unity.Burst.Tests.UnitTests.csproj", "{758e837d-2986-49cc-b25d-aa96839208e2}"
EndProject
Project("{FAE04EC0-301F-11D3-BF4B-00C04F79EFBC}") = "UnityEditor.UI.EditorTests", "UnityEditor.UI.EditorTests.csproj", "{7ee20187-8456-a74d-1845-df508c905759}"
EndProject
Project("{FAE04EC0-301F-11D3-BF4B-00C04F79EFBC}") = "Unity.Mathematics.Tests", "Unity.Mathematics.Tests.csproj", "{4efe7709-4a68-ed5d-7366-93dbad7d2e0d}"
EndProject
Project("{FAE04EC0-301F-11D3-BF4B-00C04F79EFBC}") = "Unity.TextMeshPro.Tests", "Unity.TextMeshPro.Tests.csproj", "{bfd17e9b-2027-e5b5-7a52-00476e421b26}"
EndProject
Project("{FAE04EC0-301F-11D3-BF4B-00C04F79EFBC}") = "Unity.2D.Aseprite.EditorTests", "Unity.2D.Aseprite.EditorTests.csproj", "{fb2d480f-b128-b894-8cb4-12e5f7a89827}"
EndProject
Project("{FAE04EC0-301F-11D3-BF4B-00C04F79EFBC}") = "Unity.2D.Sprite.Package.EditorTests", "Unity.2D.Sprite.Package.EditorTests.csproj", "{ef904df1-6869-ef05-5e04-414a1074c194}"
EndProject
Project("{FAE04EC0-301F-11D3-BF4B-00C04F79EFBC}") = "Unity.2D.Tilemap.Package.EditorTests", "Unity.2D.Tilemap.Package.EditorTests.csproj", "{1beeafd0-0451-2762-30b9-963fdf96a4cb}"
EndProject
Project("{FAE04EC0-301F-11D3-BF4B-00C04F79EFBC}") = "Unity.2D.PixelPerfect.EditorTests", "Unity.2D.PixelPerfect.EditorTests.csproj", "{96883aba-cebe-af05-fc9d-94ed40132796}"
EndProject
Project("{FAE04EC0-301F-11D3-BF4B-00C04F79EFBC}") = "Unity.Burst.Editor.Tests", "Unity.Burst.Editor.Tests.csproj", "{f82f0d7a-f010-3759-c3a5-59ddc17c0236}"
EndProject
Project("{FAE04EC0-301F-11D3-BF4B-00C04F79EFBC}") = "Unity.2D.SpriteShape.EditorTests", "Unity.2D.SpriteShape.EditorTests.csproj", "{b18d5465-6184-31e9-810a-d82d90e3206c}"
EndProject
Project("{FAE04EC0-301F-11D3-BF4B-00C04F79EFBC}") = "Unity.2D.Common.EditorTests", "Unity.2D.Common.EditorTests.csproj", "{88d8c41a-48f0-335f-e3eb-b17ec6670dc1}"
EndProject
Project("{FAE04EC0-301F-11D3-BF4B-00C04F79EFBC}") = "Unity.2D.Psdimporter.EditorTests", "Unity.2D.Psdimporter.EditorTests.csproj", "{30162d86-29ff-675b-e423-00c224252ca0}"
EndProject
Project("{FAE04EC0-301F-11D3-BF4B-00C04F79EFBC}") = "DocCodeExamples", "DocCodeExamples.csproj", "{ebd187ed-9aec-195d-34b6-e77da0ff00b9}"
EndProject
Project("{FAE04EC0-301F-11D3-BF4B-00C04F79EFBC}") = "Unity.TextMeshPro.Editor.Tests", "Unity.TextMeshPro.Editor.Tests.csproj", "{bdfb27c1-9fc5-a5c9-7db7-5a0e577e72d1}"
EndProject
Project("{FAE04EC0-301F-11D3-BF4B-00C04F79EFBC}") = "Unity.2D.Tilemap.Extras.Placeholder.EditorTests", "Unity.2D.Tilemap.Extras.Placeholder.EditorTests.csproj", "{fa39eaad-1eb1-9755-40b9-8ed153146032}"
EndProject
Project("{FAE04EC0-301F-11D3-BF4B-00C04F79EFBC}") = "Unity.Collections.Tests", "Unity.Collections.Tests.csproj", "{e36841b9-08f8-a5fc-9915-6eae89eba94c}"
EndProject
Project("{FAE04EC0-301F-11D3-BF4B-00C04F79EFBC}") = "Unity.2D.Animation.EditorTests", "Unity.2D.Animation.EditorTests.csproj", "{7a78dd7b-ab5d-68e8-a3de-91c2c8410ef2}"
EndProject
Project("{FAE04EC0-301F-11D3-BF4B-00C04F79EFBC}") = "Unity.Collections.Tests.Playmode", "Unity.Collections.Tests.Playmode.csproj", "{07650b85-5912-276a-4445-1afad9a1cd69}"
EndProject
Project("{FAE04EC0-301F-11D3-BF4B-00C04F79EFBC}") = "SeparateAssembly", "SeparateAssembly.csproj", "{d7b7aecd-b62f-b803-ac6f-36b4e51f615d}"
EndProject
Project("{FAE04EC0-301F-11D3-BF4B-00C04F79EFBC}") = "OverloadedFunctionPointers", "OverloadedFunctionPointers.csproj", "{82e9728e-a5ea-9886-0958-ae4fccea1a77}"
EndProject
Global
	GlobalSection(SolutionConfigurationPlatforms) = preSolution
		Debug|Any CPU = Debug|Any CPU
	EndGlobalSection
	GlobalSection(ProjectConfigurationPlatforms) = postSolution
		{49503c61-f0d9-cad4-94a1-bae0cae18ee1}.Debug|Any CPU.ActiveCfg = Debug|Any CPU
		{49503c61-f0d9-cad4-94a1-bae0cae18ee1}.Debug|Any CPU.Build.0 = Debug|Any CPU
		{9539672f-3b38-1cd2-7345-848db62b10e5}.Debug|Any CPU.ActiveCfg = Debug|Any CPU
		{9539672f-3b38-1cd2-7345-848db62b10e5}.Debug|Any CPU.Build.0 = Debug|Any CPU
		{cdad21c3-9c7b-884f-1df8-63913e844a67}.Debug|Any CPU.ActiveCfg = Debug|Any CPU
		{cdad21c3-9c7b-884f-1df8-63913e844a67}.Debug|Any CPU.Build.0 = Debug|Any CPU
		{96f45b4d-c42a-714b-690a-8643633ae85a}.Debug|Any CPU.ActiveCfg = Debug|Any CPU
		{96f45b4d-c42a-714b-690a-8643633ae85a}.Debug|Any CPU.Build.0 = Debug|Any CPU
		{b82324da-6e74-c68c-579f-03bb8fda17fa}.Debug|Any CPU.ActiveCfg = Debug|Any CPU
		{b82324da-6e74-c68c-579f-03bb8fda17fa}.Debug|Any CPU.Build.0 = Debug|Any CPU
		{cc3b8ad4-3f67-8f45-c32c-3ccaee66c615}.Debug|Any CPU.ActiveCfg = Debug|Any CPU
		{cc3b8ad4-3f67-8f45-c32c-3ccaee66c615}.Debug|Any CPU.Build.0 = Debug|Any CPU
		{ebbd7b32-6f97-7287-410a-fc1844a36db8}.Debug|Any CPU.ActiveCfg = Debug|Any CPU
		{ebbd7b32-6f97-7287-410a-fc1844a36db8}.Debug|Any CPU.Build.0 = Debug|Any CPU
		{fd58f114-00a7-9c24-ade5-662cc37f83ae}.Debug|Any CPU.ActiveCfg = Debug|Any CPU
		{fd58f114-00a7-9c24-ade5-662cc37f83ae}.Debug|Any CPU.Build.0 = Debug|Any CPU
		{abd2c38c-0c9c-14f5-83ad-36dd8a0a5f30}.Debug|Any CPU.ActiveCfg = Debug|Any CPU
		{abd2c38c-0c9c-14f5-83ad-36dd8a0a5f30}.Debug|Any CPU.Build.0 = Debug|Any CPU
		{b6342a47-808d-3c19-1b02-b306e3ad044d}.Debug|Any CPU.ActiveCfg = Debug|Any CPU
		{b6342a47-808d-3c19-1b02-b306e3ad044d}.Debug|Any CPU.Build.0 = Debug|Any CPU
		{18bf756b-f640-6da7-9a08-9be379b5bd13}.Debug|Any CPU.ActiveCfg = Debug|Any CPU
		{18bf756b-f640-6da7-9a08-9be379b5bd13}.Debug|Any CPU.Build.0 = Debug|Any CPU
		{774e6c18-8bc0-a393-0c96-8f5a34562006}.Debug|Any CPU.ActiveCfg = Debug|Any CPU
		{774e6c18-8bc0-a393-0c96-8f5a34562006}.Debug|Any CPU.Build.0 = Debug|Any CPU
		{5c123b49-4530-6698-c0a9-c030cadbc1c8}.Debug|Any CPU.ActiveCfg = Debug|Any CPU
		{5c123b49-4530-6698-c0a9-c030cadbc1c8}.Debug|Any CPU.Build.0 = Debug|Any CPU
		{053f729e-1c32-a3ab-3ad5-0c8f2fd63b62}.Debug|Any CPU.ActiveCfg = Debug|Any CPU
		{053f729e-1c32-a3ab-3ad5-0c8f2fd63b62}.Debug|Any CPU.Build.0 = Debug|Any CPU
		{7fc55354-5b08-26b8-c864-6ba006ccac42}.Debug|Any CPU.ActiveCfg = Debug|Any CPU
		{7fc55354-5b08-26b8-c864-6ba006ccac42}.Debug|Any CPU.Build.0 = Debug|Any CPU
		{ea587814-54c8-c78b-b7fa-fa654ed3d6c6}.Debug|Any CPU.ActiveCfg = Debug|Any CPU
		{ea587814-54c8-c78b-b7fa-fa654ed3d6c6}.Debug|Any CPU.Build.0 = Debug|Any CPU
		{5410cbae-5a6c-2210-7a57-9efcad6d2d4c}.Debug|Any CPU.ActiveCfg = Debug|Any CPU
		{5410cbae-5a6c-2210-7a57-9efcad6d2d4c}.Debug|Any CPU.Build.0 = Debug|Any CPU
		{bcc30b0c-9fe5-f8a9-9e31-622a538d9fbb}.Debug|Any CPU.ActiveCfg = Debug|Any CPU
		{bcc30b0c-9fe5-f8a9-9e31-622a538d9fbb}.Debug|Any CPU.Build.0 = Debug|Any CPU
		{e694ff51-57a6-9d65-f4a4-f3319ee76d16}.Debug|Any CPU.ActiveCfg = Debug|Any CPU
		{e694ff51-57a6-9d65-f4a4-f3319ee76d16}.Debug|Any CPU.Build.0 = Debug|Any CPU
		{62f5ddb1-ac30-f428-d1b6-126f19e07393}.Debug|Any CPU.ActiveCfg = Debug|Any CPU
		{62f5ddb1-ac30-f428-d1b6-126f19e07393}.Debug|Any CPU.Build.0 = Debug|Any CPU
		{b6467781-99a3-9143-afdc-967291d08633}.Debug|Any CPU.ActiveCfg = Debug|Any CPU
		{b6467781-99a3-9143-afdc-967291d08633}.Debug|Any CPU.Build.0 = Debug|Any CPU
		{7aa4e16c-3fa8-8d2d-35bc-8b9a3e4bf554}.Debug|Any CPU.ActiveCfg = Debug|Any CPU
		{7aa4e16c-3fa8-8d2d-35bc-8b9a3e4bf554}.Debug|Any CPU.Build.0 = Debug|Any CPU
		{8a910146-cb72-2802-33e6-600298389dd5}.Debug|Any CPU.ActiveCfg = Debug|Any CPU
		{8a910146-cb72-2802-33e6-600298389dd5}.Debug|Any CPU.Build.0 = Debug|Any CPU
		{c5735828-30ea-cadd-b944-0fe945963a93}.Debug|Any CPU.ActiveCfg = Debug|Any CPU
		{c5735828-30ea-cadd-b944-0fe945963a93}.Debug|Any CPU.Build.0 = Debug|Any CPU
		{2a68511a-53fe-2c2a-f806-41d1ef873755}.Debug|Any CPU.ActiveCfg = Debug|Any CPU
		{2a68511a-53fe-2c2a-f806-41d1ef873755}.Debug|Any CPU.Build.0 = Debug|Any CPU
		{844b0dd1-eec0-5247-186a-0a342dc84a16}.Debug|Any CPU.ActiveCfg = Debug|Any CPU
		{844b0dd1-eec0-5247-186a-0a342dc84a16}.Debug|Any CPU.Build.0 = Debug|Any CPU
		{81372078-7abd-2633-990c-5e65a4a85377}.Debug|Any CPU.ActiveCfg = Debug|Any CPU
		{81372078-7abd-2633-990c-5e65a4a85377}.Debug|Any CPU.Build.0 = Debug|Any CPU
		{4a143bd6-18b9-344e-8290-dd831985db3a}.Debug|Any CPU.ActiveCfg = Debug|Any CPU
		{4a143bd6-18b9-344e-8290-dd831985db3a}.Debug|Any CPU.Build.0 = Debug|Any CPU
		{eb097b40-de5a-4452-46eb-08bf660f22e2}.Debug|Any CPU.ActiveCfg = Debug|Any CPU
		{eb097b40-de5a-4452-46eb-08bf660f22e2}.Debug|Any CPU.Build.0 = Debug|Any CPU
		{0b01c402-9bd8-1bcc-112e-dd2c3ee28d36}.Debug|Any CPU.ActiveCfg = Debug|Any CPU
		{0b01c402-9bd8-1bcc-112e-dd2c3ee28d36}.Debug|Any CPU.Build.0 = Debug|Any CPU
		{1a50cba2-f270-f6d6-17b4-7a32c845f29a}.Debug|Any CPU.ActiveCfg = Debug|Any CPU
		{1a50cba2-f270-f6d6-17b4-7a32c845f29a}.Debug|Any CPU.Build.0 = Debug|Any CPU
		{98a1ac54-5c5a-07aa-39ed-5ca8760888ae}.Debug|Any CPU.ActiveCfg = Debug|Any CPU
		{98a1ac54-5c5a-07aa-39ed-5ca8760888ae}.Debug|Any CPU.Build.0 = Debug|Any CPU
		{ce02972e-1063-e28b-2d92-30a9cee3610c}.Debug|Any CPU.ActiveCfg = Debug|Any CPU
		{ce02972e-1063-e28b-2d92-30a9cee3610c}.Debug|Any CPU.Build.0 = Debug|Any CPU
		{9a627073-9ae7-7a64-05fd-b7d192751097}.Debug|Any CPU.ActiveCfg = Debug|Any CPU
		{9a627073-9ae7-7a64-05fd-b7d192751097}.Debug|Any CPU.Build.0 = Debug|Any CPU
		{2434c4a2-64d7-0bc8-71c1-910abc479c87}.Debug|Any CPU.ActiveCfg = Debug|Any CPU
		{2434c4a2-64d7-0bc8-71c1-910abc479c87}.Debug|Any CPU.Build.0 = Debug|Any CPU
		{82b0ed77-5471-af24-72c5-ca0b94cc9579}.Debug|Any CPU.ActiveCfg = Debug|Any CPU
		{82b0ed77-5471-af24-72c5-ca0b94cc9579}.Debug|Any CPU.Build.0 = Debug|Any CPU
		{a69fc0b6-15b7-d99f-6d13-736fc702b6ef}.Debug|Any CPU.ActiveCfg = Debug|Any CPU
		{a69fc0b6-15b7-d99f-6d13-736fc702b6ef}.Debug|Any CPU.Build.0 = Debug|Any CPU
		{910354f2-fa9d-00c3-07db-88077f9cb77f}.Debug|Any CPU.ActiveCfg = Debug|Any CPU
		{910354f2-fa9d-00c3-07db-88077f9cb77f}.Debug|Any CPU.Build.0 = Debug|Any CPU
		{ce9accf0-2b97-709f-d4c7-498c627e81fa}.Debug|Any CPU.ActiveCfg = Debug|Any CPU
		{ce9accf0-2b97-709f-d4c7-498c627e81fa}.Debug|Any CPU.Build.0 = Debug|Any CPU
		{dc58761e-a0ff-c2f4-083f-d32b9e81c713}.Debug|Any CPU.ActiveCfg = Debug|Any CPU
		{dc58761e-a0ff-c2f4-083f-d32b9e81c713}.Debug|Any CPU.Build.0 = Debug|Any CPU
		{f13f0ab6-fad0-7744-fc6f-4d2f90ac2959}.Debug|Any CPU.ActiveCfg = Debug|Any CPU
		{f13f0ab6-fad0-7744-fc6f-4d2f90ac2959}.Debug|Any CPU.Build.0 = Debug|Any CPU
		{f6c7d2f0-e535-d30d-dd33-b6343a55b14d}.Debug|Any CPU.ActiveCfg = Debug|Any CPU
		{f6c7d2f0-e535-d30d-dd33-b6343a55b14d}.Debug|Any CPU.Build.0 = Debug|Any CPU
		{e71d0923-5afa-0ca5-dbd9-20b075c13153}.Debug|Any CPU.ActiveCfg = Debug|Any CPU
		{e71d0923-5afa-0ca5-dbd9-20b075c13153}.Debug|Any CPU.Build.0 = Debug|Any CPU
		{98f790c4-4081-d2dd-58f0-48eb4eb1a014}.Debug|Any CPU.ActiveCfg = Debug|Any CPU
		{98f790c4-4081-d2dd-58f0-48eb4eb1a014}.Debug|Any CPU.Build.0 = Debug|Any CPU
		{ef0bc513-51ed-8a8c-c0c7-941199bf6051}.Debug|Any CPU.ActiveCfg = Debug|Any CPU
		{ef0bc513-51ed-8a8c-c0c7-941199bf6051}.Debug|Any CPU.Build.0 = Debug|Any CPU
		{7984a775-b463-2fd6-9d0b-d936a198f766}.Debug|Any CPU.ActiveCfg = Debug|Any CPU
		{7984a775-b463-2fd6-9d0b-d936a198f766}.Debug|Any CPU.Build.0 = Debug|Any CPU
		{eb7ca8c8-13c8-bdef-18a2-92767108f62b}.Debug|Any CPU.ActiveCfg = Debug|Any CPU
		{eb7ca8c8-13c8-bdef-18a2-92767108f62b}.Debug|Any CPU.Build.0 = Debug|Any CPU
		{7c70fe4a-fcfb-6167-11c9-d3b0dcc5ed3a}.Debug|Any CPU.ActiveCfg = Debug|Any CPU
		{7c70fe4a-fcfb-6167-11c9-d3b0dcc5ed3a}.Debug|Any CPU.Build.0 = Debug|Any CPU
		{e32872ad-fb19-a236-a90a-d7970f3b035c}.Debug|Any CPU.ActiveCfg = Debug|Any CPU
		{e32872ad-fb19-a236-a90a-d7970f3b035c}.Debug|Any CPU.Build.0 = Debug|Any CPU
		{ffbcceb6-4f9b-d4a2-c98a-75d5f7c9e08b}.Debug|Any CPU.ActiveCfg = Debug|Any CPU
		{ffbcceb6-4f9b-d4a2-c98a-75d5f7c9e08b}.Debug|Any CPU.Build.0 = Debug|Any CPU
		{f91832f1-2672-1d34-9180-b3c248f4b107}.Debug|Any CPU.ActiveCfg = Debug|Any CPU
		{f91832f1-2672-1d34-9180-b3c248f4b107}.Debug|Any CPU.Build.0 = Debug|Any CPU
		{a7589254-7035-ecbc-8459-273ddb57a806}.Debug|Any CPU.ActiveCfg = Debug|Any CPU
		{a7589254-7035-ecbc-8459-273ddb57a806}.Debug|Any CPU.Build.0 = Debug|Any CPU
		{ddfbb057-dce1-a386-4c41-81c7f89a8abd}.Debug|Any CPU.ActiveCfg = Debug|Any CPU
		{ddfbb057-dce1-a386-4c41-81c7f89a8abd}.Debug|Any CPU.Build.0 = Debug|Any CPU
		{a49a2208-63b9-ef0b-00f3-32fb91a29c34}.Debug|Any CPU.ActiveCfg = Debug|Any CPU
		{a49a2208-63b9-ef0b-00f3-32fb91a29c34}.Debug|Any CPU.Build.0 = Debug|Any CPU
		{d8f67145-4e32-e7ec-57cf-05b2d2a2e443}.Debug|Any CPU.ActiveCfg = Debug|Any CPU
		{d8f67145-4e32-e7ec-57cf-05b2d2a2e443}.Debug|Any CPU.Build.0 = Debug|Any CPU
		{164702ca-3d0f-884d-71ad-d21bb9ae7c67}.Debug|Any CPU.ActiveCfg = Debug|Any CPU
		{164702ca-3d0f-884d-71ad-d21bb9ae7c67}.Debug|Any CPU.Build.0 = Debug|Any CPU
		{4505c53e-a25c-26d1-1662-478de74c8a82}.Debug|Any CPU.ActiveCfg = Debug|Any CPU
		{4505c53e-a25c-26d1-1662-478de74c8a82}.Debug|Any CPU.Build.0 = Debug|Any CPU
		{9352d251-6742-1fc7-d19b-7a4c3728744c}.Debug|Any CPU.ActiveCfg = Debug|Any CPU
		{9352d251-6742-1fc7-d19b-7a4c3728744c}.Debug|Any CPU.Build.0 = Debug|Any CPU
		{a9cb6cdb-b2f9-b3bc-d73e-8062c1fc70da}.Debug|Any CPU.ActiveCfg = Debug|Any CPU
		{a9cb6cdb-b2f9-b3bc-d73e-8062c1fc70da}.Debug|Any CPU.Build.0 = Debug|Any CPU
		{758e837d-2986-49cc-b25d-aa96839208e2}.Debug|Any CPU.ActiveCfg = Debug|Any CPU
		{758e837d-2986-49cc-b25d-aa96839208e2}.Debug|Any CPU.Build.0 = Debug|Any CPU
		{7ee20187-8456-a74d-1845-df508c905759}.Debug|Any CPU.ActiveCfg = Debug|Any CPU
		{7ee20187-8456-a74d-1845-df508c905759}.Debug|Any CPU.Build.0 = Debug|Any CPU
		{4efe7709-4a68-ed5d-7366-93dbad7d2e0d}.Debug|Any CPU.ActiveCfg = Debug|Any CPU
		{4efe7709-4a68-ed5d-7366-93dbad7d2e0d}.Debug|Any CPU.Build.0 = Debug|Any CPU
		{bfd17e9b-2027-e5b5-7a52-00476e421b26}.Debug|Any CPU.ActiveCfg = Debug|Any CPU
		{bfd17e9b-2027-e5b5-7a52-00476e421b26}.Debug|Any CPU.Build.0 = Debug|Any CPU
		{fb2d480f-b128-b894-8cb4-12e5f7a89827}.Debug|Any CPU.ActiveCfg = Debug|Any CPU
		{fb2d480f-b128-b894-8cb4-12e5f7a89827}.Debug|Any CPU.Build.0 = Debug|Any CPU
		{ef904df1-6869-ef05-5e04-414a1074c194}.Debug|Any CPU.ActiveCfg = Debug|Any CPU
		{ef904df1-6869-ef05-5e04-414a1074c194}.Debug|Any CPU.Build.0 = Debug|Any CPU
		{1beeafd0-0451-2762-30b9-963fdf96a4cb}.Debug|Any CPU.ActiveCfg = Debug|Any CPU
		{1beeafd0-0451-2762-30b9-963fdf96a4cb}.Debug|Any CPU.Build.0 = Debug|Any CPU
		{96883aba-cebe-af05-fc9d-94ed40132796}.Debug|Any CPU.ActiveCfg = Debug|Any CPU
		{96883aba-cebe-af05-fc9d-94ed40132796}.Debug|Any CPU.Build.0 = Debug|Any CPU
		{f82f0d7a-f010-3759-c3a5-59ddc17c0236}.Debug|Any CPU.ActiveCfg = Debug|Any CPU
		{f82f0d7a-f010-3759-c3a5-59ddc17c0236}.Debug|Any CPU.Build.0 = Debug|Any CPU
		{b18d5465-6184-31e9-810a-d82d90e3206c}.Debug|Any CPU.ActiveCfg = Debug|Any CPU
		{b18d5465-6184-31e9-810a-d82d90e3206c}.Debug|Any CPU.Build.0 = Debug|Any CPU
		{88d8c41a-48f0-335f-e3eb-b17ec6670dc1}.Debug|Any CPU.ActiveCfg = Debug|Any CPU
		{88d8c41a-48f0-335f-e3eb-b17ec6670dc1}.Debug|Any CPU.Build.0 = Debug|Any CPU
		{30162d86-29ff-675b-e423-00c224252ca0}.Debug|Any CPU.ActiveCfg = Debug|Any CPU
		{30162d86-29ff-675b-e423-00c224252ca0}.Debug|Any CPU.Build.0 = Debug|Any CPU
		{ebd187ed-9aec-195d-34b6-e77da0ff00b9}.Debug|Any CPU.ActiveCfg = Debug|Any CPU
		{ebd187ed-9aec-195d-34b6-e77da0ff00b9}.Debug|Any CPU.Build.0 = Debug|Any CPU
		{bdfb27c1-9fc5-a5c9-7db7-5a0e577e72d1}.Debug|Any CPU.ActiveCfg = Debug|Any CPU
		{bdfb27c1-9fc5-a5c9-7db7-5a0e577e72d1}.Debug|Any CPU.Build.0 = Debug|Any CPU
		{fa39eaad-1eb1-9755-40b9-8ed153146032}.Debug|Any CPU.ActiveCfg = Debug|Any CPU
		{fa39eaad-1eb1-9755-40b9-8ed153146032}.Debug|Any CPU.Build.0 = Debug|Any CPU
		{e36841b9-08f8-a5fc-9915-6eae89eba94c}.Debug|Any CPU.ActiveCfg = Debug|Any CPU
		{e36841b9-08f8-a5fc-9915-6eae89eba94c}.Debug|Any CPU.Build.0 = Debug|Any CPU
		{7a78dd7b-ab5d-68e8-a3de-91c2c8410ef2}.Debug|Any CPU.ActiveCfg = Debug|Any CPU
		{7a78dd7b-ab5d-68e8-a3de-91c2c8410ef2}.Debug|Any CPU.Build.0 = Debug|Any CPU
		{07650b85-5912-276a-4445-1afad9a1cd69}.Debug|Any CPU.ActiveCfg = Debug|Any CPU
		{07650b85-5912-276a-4445-1afad9a1cd69}.Debug|Any CPU.Build.0 = Debug|Any CPU
		{d7b7aecd-b62f-b803-ac6f-36b4e51f615d}.Debug|Any CPU.ActiveCfg = Debug|Any CPU
		{d7b7aecd-b62f-b803-ac6f-36b4e51f615d}.Debug|Any CPU.Build.0 = Debug|Any CPU
		{82e9728e-a5ea-9886-0958-ae4fccea1a77}.Debug|Any CPU.ActiveCfg = Debug|Any CPU
		{82e9728e-a5ea-9886-0958-ae4fccea1a77}.Debug|Any CPU.Build.0 = Debug|Any CPU
	EndGlobalSection
	GlobalSection(SolutionProperties) = preSolution
		HideSolutionNode = FALSE
	EndGlobalSection
EndGlobal
